{
    "version": 3,
    "terraform_version": "0.11.10",
    "serial": 10,
    "lineage": "a9908e7a-9f5a-bac1-9445-8a653e0d7c1c",
    "modules": [
        {
            "path": [
                "root"
            ],
            "outputs": {},
            "resources": {
                "aws_efs_file_system.efs1": {
                    "type": "aws_efs_file_system",
                    "depends_on": [],
                    "primary": {
                        "id": "fs-68e45222",
                        "attributes": {
                            "creation_token": "production",
                            "dns_name": "fs-68e45222.efs.us-east-1.amazonaws.com",
                            "encrypted": "false",
                            "id": "fs-68e45222",
                            "kms_key_id": "",
                            "performance_mode": "generalPurpose",
                            "provisioned_throughput_in_mibps": "0",
                            "tags.%": "0",
                            "throughput_mode": "bursting"
                        },
                        "meta": {},
                        "tainted": false
                    },
                    "deposed": [],
                    "provider": "provider.aws"
                },
                "aws_iam_user.testterraform": {
                    "type": "aws_iam_user",
                    "depends_on": [],
                    "primary": {
                        "id": "testterraform",
                        "attributes": {
                            "arn": "arn:aws:iam::471969272520:user/testterraform",
                            "force_destroy": "false",
                            "id": "testterraform",
                            "name": "testterraform",
                            "path": "/",
                            "unique_id": "AIDAIKNOBD7PSRWBOF35E"
                        },
                        "meta": {},
                        "tainted": false
                    },
                    "deposed": [],
                    "provider": "provider.aws"
                },
                "aws_instance.exmaple": {
                    "type": "aws_instance",
                    "depends_on": [],
                    "primary": {
                        "id": "i-0e8c7925108ff753e",
                        "attributes": {
                            "ami": "ami-01d5b8c6e4958a724",
                            "arn": "arn:aws:ec2:us-east-1:471969272520:instance/i-0e8c7925108ff753e",
                            "associate_public_ip_address": "true",
                            "availability_zone": "us-east-1d",
                            "cpu_core_count": "1",
                            "cpu_threads_per_core": "1",
                            "credit_specification.#": "1",
                            "credit_specification.0.cpu_credits": "standard",
                            "disable_api_termination": "false",
                            "ebs_block_device.#": "0",
                            "ebs_optimized": "false",
                            "ephemeral_block_device.#": "0",
                            "get_password_data": "false",
                            "iam_instance_profile": "",
                            "id": "i-0e8c7925108ff753e",
                            "instance_state": "running",
                            "instance_type": "t2.micro",
                            "ipv6_addresses.#": "0",
                            "key_name": "example",
                            "monitoring": "false",
                            "network_interface.#": "0",
                            "network_interface_id": "eni-0778cd5b445739039",
                            "password_data": "",
                            "placement_group": "",
                            "primary_network_interface_id": "eni-0778cd5b445739039",
                            "private_dns": "ip-172-31-95-231.ec2.internal",
                            "private_ip": "172.31.95.231",
                            "public_dns": "ec2-54-152-205-207.compute-1.amazonaws.com",
                            "public_ip": "54.152.205.207",
                            "root_block_device.#": "1",
                            "root_block_device.0.delete_on_termination": "false",
                            "root_block_device.0.iops": "100",
                            "root_block_device.0.volume_id": "vol-072b020baf72475b7",
                            "root_block_device.0.volume_size": "32",
                            "root_block_device.0.volume_type": "gp2",
                            "security_groups.#": "1",
                            "security_groups.3814588639": "default",
                            "source_dest_check": "true",
                            "subnet_id": "subnet-5943c377",
                            "tags.%": "2",
                            "tags.Environment": "Dev",
                            "tags.NAME": "Appname",
                            "tenancy": "default",
                            "user_data": "fb730def0a028a25fa5b390b030f4093ae92733d",
                            "volume_tags.%": "0",
                            "vpc_security_group_ids.#": "1",
                            "vpc_security_group_ids.2089975338": "sg-c1c48f8c"
                        },
                        "meta": {
                            "e2bfb730-ecaa-11e6-8f88-34363bc7c4c0": {
                                "create": 600000000000,
                                "delete": 1200000000000,
                                "update": 600000000000
                            },
                            "schema_version": "1"
                        },
                        "tainted": false
                    },
                    "deposed": [],
                    "provider": "provider.aws"
                },
                "aws_key_pair.example": {
                    "type": "aws_key_pair",
                    "depends_on": [],
                    "primary": {
                        "id": "example",
                        "attributes": {
                            "fingerprint": "8e:1d:85:25:78:23:b6:f0:90:31:71:73:ff:44:6d:c0",
                            "id": "example",
                            "key_name": "example",
                            "public_key": "ssh-rsa AAAAB3NzaC1yc2EAAAADAQABAAABAQCvbirtcT+smDulyWutkDzlsxAtyElwccuzeb5cA1/joTw5f+hWZ2XMepvU6ErDpyonbxIrSis/k7/dbQPm+3eNCjcR5pRbKg56dxGatVz1dH5gVg+fcvdn9avJgWOjqDEE/WLizh/3M5i+Fo76y/oTzcS3nwKIoPkFKkoHFfF/Km9Gf7b78Ohbv7311Pvi31WPJa6cC80NstdkB6jWMqbHrb3pFm9sjpkiUNrCX1WbXEKkfjiJkRTWSmVbkfGQEZDgVkABJCSXmEUCop4ZL5z9q46zBnEtlTpMVb70Bwef1nm2jD5my0Wl5aL8zrOqzq0GjZ+E2IE6Lib+JaPoj8Dl root@terraform"
                        },
                        "meta": {
                            "schema_version": "1"
                        },
                        "tainted": false
                    },
                    "deposed": [],
                    "provider": "provider.aws"
                },
                "aws_s3_bucket.anna-2018-10-27-terraform": {
                    "type": "aws_s3_bucket",
                    "depends_on": [],
                    "primary": {
                        "id": "anna-2018-10-27-terraform",
                        "attributes": {
                            "acceleration_status": "",
                            "acl": "private",
                            "arn": "arn:aws:s3:::anna-2018-10-27-terraform",
                            "bucket": "anna-2018-10-27-terraform",
                            "bucket_domain_name": "anna-2018-10-27-terraform.s3.amazonaws.com",
                            "bucket_regional_domain_name": "anna-2018-10-27-terraform.s3.amazonaws.com",
                            "cors_rule.#": "0",
                            "force_destroy": "false",
                            "hosted_zone_id": "Z3AQBSTGFYJSTF",
                            "id": "anna-2018-10-27-terraform",
                            "lifecycle_rule.#": "0",
                            "logging.#": "0",
                            "region": "us-east-1",
                            "replication_configuration.#": "0",
                            "request_payer": "BucketOwner",
                            "server_side_encryption_configuration.#": "0",
                            "tags.%": "0",
                            "versioning.#": "1",
                            "versioning.0.enabled": "false",
                            "versioning.0.mfa_delete": "false",
                            "website.#": "0"
                        },
                        "meta": {},
                        "tainted": false
                    },
                    "deposed": [],
                    "provider": "provider.aws"
                }
            },
            "depends_on": []
        }
    ]
}
